
Microsoft Visual Studio Solution File, Format Version 9.00
# Visual Studio 2005
Project("{F184B08F-C81C-45F6-A57F-5ABD9991F28F}") = "iPhoneBrowser", "iPhoneBrowser\iPhoneBrowser.vbproj", "{2184372E-AFEE-4E2E-8AA9-8FF6385E9875}"
	ProjectSection(ProjectDependencies) = postProject
		{8C260F85-65AC-40A6-85BF-D89C49052F64} = {8C260F85-65AC-40A6-85BF-D89C49052F64}
	EndProjectSection
EndProject
Project("{54435603-DBB4-11D2-8724-00A0C9A8B90C}") = "SetupiPhoneBrowser", "SetupiPhoneBrowser\SetupiPhoneBrowser.vdproj", "{16BC3B13-A5A3-4CDC-84DB-5E1552FAE27B}"
EndProject
Project("{FAE04EC0-301F-11D3-BF4B-00C04F79EFBC}") = "DecodePNG", "DecodePNG\DecodePNG.csproj", "{EE52D150-51CF-4967-BEC2-80C46D499256}"
EndProject
Project("{FAE04EC0-301F-11D3-BF4B-00C04F79EFBC}") = "DisplayApplePNG", "DisplayApplePNG\DisplayApplePNG.csproj", "{C1E22B86-7BD7-4D66-BACE-4A7B1324C040}"
EndProject
Project("{FAE04EC0-301F-11D3-BF4B-00C04F79EFBC}") = "SCW_iPhonePNG", "SCW_iPhonePNG\SCW_iPhonePNG.csproj", "{E85E88FC-5B38-424F-AA49-19CAF50F65F7}"
EndProject
Project("{FAE04EC0-301F-11D3-BF4B-00C04F79EFBC}") = "Manzana", "..\Manzana\trunk\Manzana\Manzana.csproj", "{8C260F85-65AC-40A6-85BF-D89C49052F64}"
EndProject
Project("{FAE04EC0-301F-11D3-BF4B-00C04F79EFBC}") = "SCW_PList", "SCW_PList\SCW_PList.csproj", "{19985C08-95DD-498C-AFE3-B357288F5258}"
EndProject
Project("{FAE04EC0-301F-11D3-BF4B-00C04F79EFBC}") = "iTunesDLLDebug", "iTunesDLLDebug\iTunesDLLDebug.csproj", "{0FF2F5D8-560C-4846-B5F0-832BFCE08540}"
EndProject
Global
	GlobalSection(SolutionConfigurationPlatforms) = preSolution
		Debug|Any CPU = Debug|Any CPU
		Debug|x86 = Debug|x86
		Release|Any CPU = Release|Any CPU
		Release|x86 = Release|x86
	EndGlobalSection
	GlobalSection(ProjectConfigurationPlatforms) = postSolution
		{2184372E-AFEE-4E2E-8AA9-8FF6385E9875}.Debug|Any CPU.ActiveCfg = Debug|Any CPU
		{2184372E-AFEE-4E2E-8AA9-8FF6385E9875}.Debug|Any CPU.Build.0 = Debug|Any CPU
		{2184372E-AFEE-4E2E-8AA9-8FF6385E9875}.Debug|x86.ActiveCfg = Debug|x86
		{2184372E-AFEE-4E2E-8AA9-8FF6385E9875}.Debug|x86.Build.0 = Debug|x86
		{2184372E-AFEE-4E2E-8AA9-8FF6385E9875}.Release|Any CPU.ActiveCfg = Release|Any CPU
		{2184372E-AFEE-4E2E-8AA9-8FF6385E9875}.Release|Any CPU.Build.0 = Release|Any CPU
		{2184372E-AFEE-4E2E-8AA9-8FF6385E9875}.Release|x86.ActiveCfg = Release|x86
		{2184372E-AFEE-4E2E-8AA9-8FF6385E9875}.Release|x86.Build.0 = Release|x86
		{16BC3B13-A5A3-4CDC-84DB-5E1552FAE27B}.Debug|Any CPU.ActiveCfg = Debug
		{16BC3B13-A5A3-4CDC-84DB-5E1552FAE27B}.Debug|x86.ActiveCfg = Debug
		{16BC3B13-A5A3-4CDC-84DB-5E1552FAE27B}.Debug|x86.Build.0 = Debug
		{16BC3B13-A5A3-4CDC-84DB-5E1552FAE27B}.Release|Any CPU.ActiveCfg = Release
		{16BC3B13-A5A3-4CDC-84DB-5E1552FAE27B}.Release|x86.ActiveCfg = Release
		{16BC3B13-A5A3-4CDC-84DB-5E1552FAE27B}.Release|x86.Build.0 = Release
		{EE52D150-51CF-4967-BEC2-80C46D499256}.Debug|Any CPU.ActiveCfg = Debug|Any CPU
		{EE52D150-51CF-4967-BEC2-80C46D499256}.Debug|Any CPU.Build.0 = Debug|Any CPU
		{EE52D150-51CF-4967-BEC2-80C46D499256}.Debug|x86.ActiveCfg = Debug|x86
		{EE52D150-51CF-4967-BEC2-80C46D499256}.Debug|x86.Build.0 = Debug|x86
		{EE52D150-51CF-4967-BEC2-80C46D499256}.Release|Any CPU.ActiveCfg = Release|Any CPU
		{EE52D150-51CF-4967-BEC2-80C46D499256}.Release|Any CPU.Build.0 = Release|Any CPU
		{EE52D150-51CF-4967-BEC2-80C46D499256}.Release|x86.ActiveCfg = Release|x86
		{EE52D150-51CF-4967-BEC2-80C46D499256}.Release|x86.Build.0 = Release|x86
		{C1E22B86-7BD7-4D66-BACE-4A7B1324C040}.Debug|Any CPU.ActiveCfg = Debug|Any CPU
		{C1E22B86-7BD7-4D66-BACE-4A7B1324C040}.Debug|Any CPU.Build.0 = Debug|Any CPU
		{C1E22B86-7BD7-4D66-BACE-4A7B1324C040}.Debug|x86.ActiveCfg = Debug|x86
		{C1E22B86-7BD7-4D66-BACE-4A7B1324C040}.Debug|x86.Build.0 = Debug|x86
		{C1E22B86-7BD7-4D66-BACE-4A7B1324C040}.Release|Any CPU.ActiveCfg = Release|Any CPU
		{C1E22B86-7BD7-4D66-BACE-4A7B1324C040}.Release|Any CPU.Build.0 = Release|Any CPU
		{C1E22B86-7BD7-4D66-BACE-4A7B1324C040}.Release|x86.ActiveCfg = Release|x86
		{C1E22B86-7BD7-4D66-BACE-4A7B1324C040}.Release|x86.Build.0 = Release|x86
		{E85E88FC-5B38-424F-AA49-19CAF50F65F7}.Debug|Any CPU.ActiveCfg = Debug|Any CPU
		{E85E88FC-5B38-424F-AA49-19CAF50F65F7}.Debug|Any CPU.Build.0 = Debug|Any CPU
		{E85E88FC-5B38-424F-AA49-19CAF50F65F7}.Debug|x86.ActiveCfg = Debug|x86
		{E85E88FC-5B38-424F-AA49-19CAF50F65F7}.Debug|x86.Build.0 = Debug|x86
		{E85E88FC-5B38-424F-AA49-19CAF50F65F7}.Release|Any CPU.ActiveCfg = Release|Any CPU
		{E85E88FC-5B38-424F-AA49-19CAF50F65F7}.Release|Any CPU.Build.0 = Release|Any CPU
		{E85E88FC-5B38-424F-AA49-19CAF50F65F7}.Release|x86.ActiveCfg = Release|x86
		{E85E88FC-5B38-424F-AA49-19CAF50F65F7}.Release|x86.Build.0 = Release|x86
		{8C260F85-65AC-40A6-85BF-D89C49052F64}.Debug|Any CPU.ActiveCfg = Debug|Any CPU
		{8C260F85-65AC-40A6-85BF-D89C49052F64}.Debug|Any CPU.Build.0 = Debug|Any CPU
		{8C260F85-65AC-40A6-85BF-D89C49052F64}.Debug|x86.ActiveCfg = Debug|x86
		{8C260F85-65AC-40A6-85BF-D89C49052F64}.Debug|x86.Build.0 = Debug|x86
		{8C260F85-65AC-40A6-85BF-D89C49052F64}.Release|Any CPU.ActiveCfg = Release|Any CPU
		{8C260F85-65AC-40A6-85BF-D89C49052F64}.Release|Any CPU.Build.0 = Release|Any CPU
		{8C260F85-65AC-40A6-85BF-D89C49052F64}.Release|x86.ActiveCfg = Release|x86
		{8C260F85-65AC-40A6-85BF-D89C49052F64}.Release|x86.Build.0 = Release|x86
		{19985C08-95DD-498C-AFE3-B357288F5258}.Debug|Any CPU.ActiveCfg = Debug|Any CPU
		{19985C08-95DD-498C-AFE3-B357288F5258}.Debug|Any CPU.Build.0 = Debug|Any CPU
		{19985C08-95DD-498C-AFE3-B357288F5258}.Debug|x86.ActiveCfg = Debug|x86
		{19985C08-95DD-498C-AFE3-B357288F5258}.Debug|x86.Build.0 = Debug|x86
		{19985C08-95DD-498C-AFE3-B357288F5258}.Release|Any CPU.ActiveCfg = Release|Any CPU
		{19985C08-95DD-498C-AFE3-B357288F5258}.Release|Any CPU.Build.0 = Release|Any CPU
		{19985C08-95DD-498C-AFE3-B357288F5258}.Release|x86.ActiveCfg = Release|x86
		{19985C08-95DD-498C-AFE3-B357288F5258}.Release|x86.Build.0 = Release|x86
		{0FF2F5D8-560C-4846-B5F0-832BFCE08540}.Debug|Any CPU.ActiveCfg = Debug|Any CPU
		{0FF2F5D8-560C-4846-B5F0-832BFCE08540}.Debug|Any CPU.Build.0 = Debug|Any CPU
		{0FF2F5D8-560C-4846-B5F0-832BFCE08540}.Debug|x86.ActiveCfg = Debug|x86
		{0FF2F5D8-560C-4846-B5F0-832BFCE08540}.Debug|x86.Build.0 = Debug|x86
		{0FF2F5D8-560C-4846-B5F0-832BFCE08540}.Release|Any CPU.ActiveCfg = Release|Any CPU
		{0FF2F5D8-560C-4846-B5F0-832BFCE08540}.Release|Any CPU.Build.0 = Release|Any CPU
		{0FF2F5D8-560C-4846-B5F0-832BFCE08540}.Release|x86.ActiveCfg = Release|x86
		{0FF2F5D8-560C-4846-B5F0-832BFCE08540}.Release|x86.Build.0 = Release|x86
	EndGlobalSection
	GlobalSection(SolutionProperties) = preSolution
		HideSolutionNode = FALSE
	EndGlobalSection
EndGlobal
